
Microsoft Visual Studio Solution File, Format Version 12.00
# Visual Studio Version 17
VisualStudioVersion = 17.8.34525.116
MinimumVisualStudioVersion = 10.0.40219.1
Project("{FAE04EC0-301F-11D3-BF4B-00C04F79EFBC}") = "PhotoCardWpf", "PhotoCardWpf\PhotoCardWpf.csproj", "{68940BAA-856B-4AFD-9C12-2E3C2E623A8D}"
EndProject
Global
	GlobalSection(SolutionConfigurationPlatforms) = preSolution
		Debug|Any CPU = Debug|Any CPU
		Release|Any CPU = Release|Any CPU
	EndGlobalSection
	GlobalSection(ProjectConfigurationPlatforms) = postSolution
		{68940BAA-856B-4AFD-9C12-2E3C2E623A8D}.Debug|Any CPU.ActiveCfg = Debug|Any CPU
		{68940BAA-856B-4AFD-9C12-2E3C2E623A8D}.Debug|Any CPU.Build.0 = Debug|Any CPU
		{68940BAA-856B-4AFD-9C12-2E3C2E623A8D}.Release|Any CPU.ActiveCfg = Release|Any CPU
		{68940BAA-856B-4AFD-9C12-2E3C2E623A8D}.Release|Any CPU.Build.0 = Release|Any CPU
	EndGlobalSection
	GlobalSection(SolutionProperties) = preSolution
		HideSolutionNode = FALSE
	EndGlobalSection
	GlobalSection(ExtensibilityGlobals) = postSolution
		SolutionGuid = {8B8F81E8-A13C-4C1B-AB9C-1DFF016B41A7}
	EndGlobalSection
EndGlobal
